
Microsoft Visual Studio Solution File, Format Version 12.00
# Visual Studio 15
VisualStudioVersion = 15.0.28010.2036
MinimumVisualStudioVersion = 10.0.40219.1
Project("{FAE04EC0-301F-11D3-BF4B-00C04F79EFBC}") = "Holamundo", "Holamundo\Holamundo.csproj", "{254957A6-CA4E-4FD7-ABBF-1F88E51536DB}"
EndProject
Global
	GlobalSection(SolutionConfigurationPlatforms) = preSolution
		Debug|Any CPU = Debug|Any CPU
		Release|Any CPU = Release|Any CPU
	EndGlobalSection
	GlobalSection(ProjectConfigurationPlatforms) = postSolution
		{254957A6-CA4E-4FD7-ABBF-1F88E51536DB}.Debug|Any CPU.ActiveCfg = Debug|Any CPU
		{254957A6-CA4E-4FD7-ABBF-1F88E51536DB}.Debug|Any CPU.Build.0 = Debug|Any CPU
		{254957A6-CA4E-4FD7-ABBF-1F88E51536DB}.Release|Any CPU.ActiveCfg = Release|Any CPU
		{254957A6-CA4E-4FD7-ABBF-1F88E51536DB}.Release|Any CPU.Build.0 = Release|Any CPU
	EndGlobalSection
	GlobalSection(SolutionProperties) = preSolution
		HideSolutionNode = FALSE
	EndGlobalSection
	GlobalSection(ExtensibilityGlobals) = postSolution
		SolutionGuid = {AF40DE3F-E11C-41B3-A107-BA833203A0C6}
	EndGlobalSection
EndGlobal
